
Microsoft Visual Studio Solution File, Format Version 12.00
# Visual Studio Version 16
VisualStudioVersion = 16.0.31321.278
MinimumVisualStudioVersion = 10.0.40219.1
Project("{9A19103F-16F7-4668-BE54-9A1E7A4F7556}") = "MiniMercadoVirtual", "MiniMercadoVirtual\MiniMercadoVirtual.csproj", "{38F77E5C-A90E-4DD1-BA6B-C64F11274948}"
EndProject
Project("{FAE04EC0-301F-11D3-BF4B-00C04F79EFBC}") = "MiniMercadoVirtual.Application", "MiniMercadoVirtual.Application\MiniMercadoVirtual.Application.csproj", "{C126DA22-699D-4D01-9465-FFE6D1BF1BBA}"
EndProject
Project("{FAE04EC0-301F-11D3-BF4B-00C04F79EFBC}") = "MiniMercadoVirtual.Domain", "MiniMercadoVirtual.Domain\MiniMercadoVirtual.Domain.csproj", "{5BF69F76-2FF3-439E-9569-67A979ACF0F0}"
EndProject
Project("{FAE04EC0-301F-11D3-BF4B-00C04F79EFBC}") = "MiniMercadoVirtual.Infra", "MiniMercadoVirtual.Infra\MiniMercadoVirtual.Infra.csproj", "{ECEA9B89-4EBD-43AE-BA15-C43E351071CC}"
EndProject
Global
	GlobalSection(SolutionConfigurationPlatforms) = preSolution
		Debug|Any CPU = Debug|Any CPU
		Release|Any CPU = Release|Any CPU
	EndGlobalSection
	GlobalSection(ProjectConfigurationPlatforms) = postSolution
		{38F77E5C-A90E-4DD1-BA6B-C64F11274948}.Debug|Any CPU.ActiveCfg = Debug|Any CPU
		{38F77E5C-A90E-4DD1-BA6B-C64F11274948}.Debug|Any CPU.Build.0 = Debug|Any CPU
		{38F77E5C-A90E-4DD1-BA6B-C64F11274948}.Release|Any CPU.ActiveCfg = Release|Any CPU
		{38F77E5C-A90E-4DD1-BA6B-C64F11274948}.Release|Any CPU.Build.0 = Release|Any CPU
		{C126DA22-699D-4D01-9465-FFE6D1BF1BBA}.Debug|Any CPU.ActiveCfg = Debug|Any CPU
		{C126DA22-699D-4D01-9465-FFE6D1BF1BBA}.Debug|Any CPU.Build.0 = Debug|Any CPU
		{C126DA22-699D-4D01-9465-FFE6D1BF1BBA}.Release|Any CPU.ActiveCfg = Release|Any CPU
		{C126DA22-699D-4D01-9465-FFE6D1BF1BBA}.Release|Any CPU.Build.0 = Release|Any CPU
		{5BF69F76-2FF3-439E-9569-67A979ACF0F0}.Debug|Any CPU.ActiveCfg = Debug|Any CPU
		{5BF69F76-2FF3-439E-9569-67A979ACF0F0}.Debug|Any CPU.Build.0 = Debug|Any CPU
		{5BF69F76-2FF3-439E-9569-67A979ACF0F0}.Release|Any CPU.ActiveCfg = Release|Any CPU
		{5BF69F76-2FF3-439E-9569-67A979ACF0F0}.Release|Any CPU.Build.0 = Release|Any CPU
		{ECEA9B89-4EBD-43AE-BA15-C43E351071CC}.Debug|Any CPU.ActiveCfg = Debug|Any CPU
		{ECEA9B89-4EBD-43AE-BA15-C43E351071CC}.Debug|Any CPU.Build.0 = Debug|Any CPU
		{ECEA9B89-4EBD-43AE-BA15-C43E351071CC}.Release|Any CPU.ActiveCfg = Release|Any CPU
		{ECEA9B89-4EBD-43AE-BA15-C43E351071CC}.Release|Any CPU.Build.0 = Release|Any CPU
	EndGlobalSection
	GlobalSection(SolutionProperties) = preSolution
		HideSolutionNode = FALSE
	EndGlobalSection
	GlobalSection(ExtensibilityGlobals) = postSolution
		SolutionGuid = {8B730E25-FE0E-4A94-871D-92994571F5EC}
	EndGlobalSection
EndGlobal
